
Microsoft Visual Studio Solution File, Format Version 12.00
# Visual Studio 15
VisualStudioVersion = 15.0.28307.421
MinimumVisualStudioVersion = 10.0.40219.1
Project("{E24C65DC-7377-472B-9ABA-BC803B73C61A}") = "FullHouse", "FullHouse\", "{62F9EB5E-D910-416D-B986-3DD4606EED26}"
	ProjectSection(WebsiteProperties) = preProject
		TargetFrameworkMoniker = ".NETFramework,Version%3Dv4.6.1"
		Debug.AspNetCompiler.VirtualPath = "/localhost_51338"
		Debug.AspNetCompiler.PhysicalPath = "FullHouse\"
		Debug.AspNetCompiler.TargetPath = "PrecompiledWeb\localhost_51338\"
		Debug.AspNetCompiler.Updateable = "true"
		Debug.AspNetCompiler.ForceOverwrite = "true"
		Debug.AspNetCompiler.FixedNames = "false"
		Debug.AspNetCompiler.Debug = "True"
		Release.AspNetCompiler.VirtualPath = "/localhost_51338"
		Release.AspNetCompiler.PhysicalPath = "FullHouse\"
		Release.AspNetCompiler.TargetPath = "PrecompiledWeb\localhost_51338\"
		Release.AspNetCompiler.Updateable = "true"
		Release.AspNetCompiler.ForceOverwrite = "true"
		Release.AspNetCompiler.FixedNames = "false"
		Release.AspNetCompiler.Debug = "False"
		VWDPort = "51338"
		SlnRelativePath = "FullHouse\"
		DefaultWebSiteLanguage = "Visual C#"
	EndProjectSection
EndProject
Global
	GlobalSection(SolutionConfigurationPlatforms) = preSolution
		Debug|Any CPU = Debug|Any CPU
	EndGlobalSection
	GlobalSection(ProjectConfigurationPlatforms) = postSolution
		{62F9EB5E-D910-416D-B986-3DD4606EED26}.Debug|Any CPU.ActiveCfg = Debug|Any CPU
		{62F9EB5E-D910-416D-B986-3DD4606EED26}.Debug|Any CPU.Build.0 = Debug|Any CPU
	EndGlobalSection
	GlobalSection(SolutionProperties) = preSolution
		HideSolutionNode = FALSE
	EndGlobalSection
	GlobalSection(ExtensibilityGlobals) = postSolution
		SolutionGuid = {315FACF1-060D-4A08-84EC-7C29C49838D6}
	EndGlobalSection
EndGlobal
